Microsoft Visual Studio Solution File, Format Version 12.00
# Visual Studio Version 17
VisualStudioVersion = 17.5.2.0
MinimumVisualStudioVersion = 10.0.40219.1
Project("{FAE04EC0-301F-11D3-BF4B-00C04F79EFBC}") = "UniversitySystem", "UniversitySystem.csproj", "{E335F4EB-7867-0E41-54CA-3659525E4FFC}"
EndProject
Global
	GlobalSection(SolutionConfigurationPlatforms) = preSolution
		Debug|Any CPU = Debug|Any CPU
		Release|Any CPU = Release|Any CPU
	EndGlobalSection
	GlobalSection(ProjectConfigurationPlatforms) = postSolution
		{E335F4EB-7867-0E41-54CA-3659525E4FFC}.Debug|Any CPU.ActiveCfg = Debug|Any CPU
		{E335F4EB-7867-0E41-54CA-3659525E4FFC}.Debug|Any CPU.Build.0 = Debug|Any CPU
		{E335F4EB-7867-0E41-54CA-3659525E4FFC}.Release|Any CPU.ActiveCfg = Release|Any CPU
		{E335F4EB-7867-0E41-54CA-3659525E4FFC}.Release|Any CPU.Build.0 = Release|Any CPU
	EndGlobalSection
	GlobalSection(SolutionProperties) = preSolution
		HideSolutionNode = FALSE
	EndGlobalSection
	GlobalSection(ExtensibilityGlobals) = postSolution
		SolutionGuid = {D077B893-4446-46B0-9932-9CECB129DA5D}
	EndGlobalSection
EndGlobal
